
Microsoft Visual Studio Solution File, Format Version 12.00
# Visual Studio Version 16
VisualStudioVersion = 16.0.29905.134
MinimumVisualStudioVersion = 10.0.40219.1
Project("{FAE04EC0-301F-11D3-BF4B-00C04F79EFBC}") = "SkyrimSpecs", "SkyrimSpecs.csproj", "{795335F0-B8AE-43D3-A04C-DE54A2CF38AC}"
EndProject
Global
	GlobalSection(SolutionConfigurationPlatforms) = preSolution
		Debug|ARM = Debug|ARM
		Debug|ARM64 = Debug|ARM64
		Debug|x64 = Debug|x64
		Debug|x86 = Debug|x86
		Release|ARM = Release|ARM
		Release|ARM64 = Release|ARM64
		Release|x64 = Release|x64
		Release|x86 = Release|x86
	EndGlobalSection
	GlobalSection(ProjectConfigurationPlatforms) = postSolution
		{795335F0-B8AE-43D3-A04C-DE54A2CF38AC}.Debug|ARM.ActiveCfg = Debug|ARM
		{795335F0-B8AE-43D3-A04C-DE54A2CF38AC}.Debug|ARM.Build.0 = Debug|ARM
		{795335F0-B8AE-43D3-A04C-DE54A2CF38AC}.Debug|ARM.Deploy.0 = Debug|ARM
		{795335F0-B8AE-43D3-A04C-DE54A2CF38AC}.Debug|ARM64.ActiveCfg = Debug|ARM64
		{795335F0-B8AE-43D3-A04C-DE54A2CF38AC}.Debug|ARM64.Build.0 = Debug|ARM64
		{795335F0-B8AE-43D3-A04C-DE54A2CF38AC}.Debug|ARM64.Deploy.0 = Debug|ARM64
		{795335F0-B8AE-43D3-A04C-DE54A2CF38AC}.Debug|x64.ActiveCfg = Debug|x64
		{795335F0-B8AE-43D3-A04C-DE54A2CF38AC}.Debug|x64.Build.0 = Debug|x64
		{795335F0-B8AE-43D3-A04C-DE54A2CF38AC}.Debug|x64.Deploy.0 = Debug|x64
		{795335F0-B8AE-43D3-A04C-DE54A2CF38AC}.Debug|x86.ActiveCfg = Debug|x86
		{795335F0-B8AE-43D3-A04C-DE54A2CF38AC}.Debug|x86.Build.0 = Debug|x86
		{795335F0-B8AE-43D3-A04C-DE54A2CF38AC}.Debug|x86.Deploy.0 = Debug|x86
		{795335F0-B8AE-43D3-A04C-DE54A2CF38AC}.Release|ARM.ActiveCfg = Release|ARM
		{795335F0-B8AE-43D3-A04C-DE54A2CF38AC}.Release|ARM.Build.0 = Release|ARM
		{795335F0-B8AE-43D3-A04C-DE54A2CF38AC}.Release|ARM.Deploy.0 = Release|ARM
		{795335F0-B8AE-43D3-A04C-DE54A2CF38AC}.Release|ARM64.ActiveCfg = Release|ARM64
		{795335F0-B8AE-43D3-A04C-DE54A2CF38AC}.Release|ARM64.Build.0 = Release|ARM64
		{795335F0-B8AE-43D3-A04C-DE54A2CF38AC}.Release|ARM64.Deploy.0 = Release|ARM64
		{795335F0-B8AE-43D3-A04C-DE54A2CF38AC}.Release|x64.ActiveCfg = Release|x64
		{795335F0-B8AE-43D3-A04C-DE54A2CF38AC}.Release|x64.Build.0 = Release|x64
		{795335F0-B8AE-43D3-A04C-DE54A2CF38AC}.Release|x64.Deploy.0 = Release|x64
		{795335F0-B8AE-43D3-A04C-DE54A2CF38AC}.Release|x86.ActiveCfg = Release|x86
		{795335F0-B8AE-43D3-A04C-DE54A2CF38AC}.Release|x86.Build.0 = Release|x86
		{795335F0-B8AE-43D3-A04C-DE54A2CF38AC}.Release|x86.Deploy.0 = Release|x86
	EndGlobalSection
	GlobalSection(SolutionProperties) = preSolution
		HideSolutionNode = FALSE
	EndGlobalSection
	GlobalSection(ExtensibilityGlobals) = postSolution
		SolutionGuid = {1147DCFF-A4F3-4498-91E0-CAF6F6BA6FC7}
	EndGlobalSection
EndGlobal
